
Microsoft Visual Studio Solution File, Format Version 12.00
# Visual Studio Version 16
VisualStudioVersion = 16.0.31019.35
MinimumVisualStudioVersion = 10.0.40219.1
Project("{FAE04EC0-301F-11D3-BF4B-00C04F79EFBC}") = "GuessNumber", "GuessNumber\GuessNumber.csproj", "{9827BC4B-22BA-4D6E-9D60-4FF49712FE36}"
EndProject
Global
	GlobalSection(SolutionConfigurationPlatforms) = preSolution
		Debug|Any CPU = Debug|Any CPU
		Release|Any CPU = Release|Any CPU
	EndGlobalSection
	GlobalSection(ProjectConfigurationPlatforms) = postSolution
		{9827BC4B-22BA-4D6E-9D60-4FF49712FE36}.Debug|Any CPU.ActiveCfg = Debug|Any CPU
		{9827BC4B-22BA-4D6E-9D60-4FF49712FE36}.Debug|Any CPU.Build.0 = Debug|Any CPU
		{9827BC4B-22BA-4D6E-9D60-4FF49712FE36}.Release|Any CPU.ActiveCfg = Release|Any CPU
		{9827BC4B-22BA-4D6E-9D60-4FF49712FE36}.Release|Any CPU.Build.0 = Release|Any CPU
	EndGlobalSection
	GlobalSection(SolutionProperties) = preSolution
		HideSolutionNode = FALSE
	EndGlobalSection
	GlobalSection(ExtensibilityGlobals) = postSolution
		SolutionGuid = {AE379F66-FA08-4B4B-8F73-4D64DBEA230C}
	EndGlobalSection
EndGlobal
